
Microsoft Visual Studio Solution File, Format Version 12.00
# Visual Studio 15
VisualStudioVersion = 15.0.28010.2016
MinimumVisualStudioVersion = 10.0.40219.1
Project("{FAE04EC0-301F-11D3-BF4B-00C04F79EFBC}") = "XamarinNDKSample.Android", "XamarinNDKSample\XamarinNDKSample.Android\XamarinNDKSample.Android.csproj", "{4DDE47D0-394D-40F4-ADDE-817C918A81CF}"
EndProject
Project("{FAE04EC0-301F-11D3-BF4B-00C04F79EFBC}") = "XamarinNDKSample.iOS", "XamarinNDKSample\XamarinNDKSample.iOS\XamarinNDKSample.iOS.csproj", "{58105972-DD25-4067-90EA-02AB22A6ECD3}"
EndProject
Project("{FAE04EC0-301F-11D3-BF4B-00C04F79EFBC}") = "XamarinNDKSample.UWP", "XamarinNDKSample\XamarinNDKSample.UWP\XamarinNDKSample.UWP.csproj", "{0B3E34A4-989B-49EC-A797-918C0BC98263}"
EndProject
Project("{9A19103F-16F7-4668-BE54-9A1E7A4F7556}") = "XamarinNDKSample", "XamarinNDKSample\XamarinNDKSample\XamarinNDKSample.csproj", "{864A5DF7-2DDA-4AB2-8C29-69618C4B72B1}"
EndProject
Project("{8BC9CEB8-8B4A-11D0-8D11-00A0C91BC942}") = "CppLib.Shared", "CppLib\CppLib.Shared\CppLib.Shared.vcxitems", "{7FD87EB3-8270-42B3-AFEA-9043A3A1E9E2}"
EndProject
Project("{8BC9CEB8-8B4A-11D0-8D11-00A0C91BC942}") = "CppLib.Android", "CppLib\CppLib.Android\CppLib.Android.vcxproj", "{8A5D2748-EFDA-4618-83B5-29AF20834819}"
EndProject
Project("{8BC9CEB8-8B4A-11D0-8D11-00A0C91BC942}") = "CppLib.iOS", "CppLib\CppLib.iOS\CppLib.iOS.vcxproj", "{485E6A67-3C84-4EF2-AF62-B474C2331899}"
EndProject
Global
	GlobalSection(SharedMSBuildProjectFiles) = preSolution
		CppLib\CppLib.Shared\CppLib.Shared.vcxitems*{485e6a67-3c84-4ef2-af62-b474c2331899}*SharedItemsImports = 4
		CppLib\CppLib.Shared\CppLib.Shared.vcxitems*{7fd87eb3-8270-42b3-afea-9043a3a1e9e2}*SharedItemsImports = 9
		CppLib\CppLib.Shared\CppLib.Shared.vcxitems*{8a5d2748-efda-4618-83b5-29af20834819}*SharedItemsImports = 4
	EndGlobalSection
	GlobalSection(SolutionConfigurationPlatforms) = preSolution
		Ad-Hoc|Any CPU = Ad-Hoc|Any CPU
		Ad-Hoc|ARM = Ad-Hoc|ARM
		Ad-Hoc|ARM64 = Ad-Hoc|ARM64
		Ad-Hoc|iPhone = Ad-Hoc|iPhone
		Ad-Hoc|iPhoneSimulator = Ad-Hoc|iPhoneSimulator
		Ad-Hoc|x64 = Ad-Hoc|x64
		Ad-Hoc|x86 = Ad-Hoc|x86
		AppStore|Any CPU = AppStore|Any CPU
		AppStore|ARM = AppStore|ARM
		AppStore|ARM64 = AppStore|ARM64
		AppStore|iPhone = AppStore|iPhone
		AppStore|iPhoneSimulator = AppStore|iPhoneSimulator
		AppStore|x64 = AppStore|x64
		AppStore|x86 = AppStore|x86
		Debug|Any CPU = Debug|Any CPU
		Debug|ARM = Debug|ARM
		Debug|ARM64 = Debug|ARM64
		Debug|iPhone = Debug|iPhone
		Debug|iPhoneSimulator = Debug|iPhoneSimulator
		Debug|x64 = Debug|x64
		Debug|x86 = Debug|x86
		Release|Any CPU = Release|Any CPU
		Release|ARM = Release|ARM
		Release|ARM64 = Release|ARM64
		Release|iPhone = Release|iPhone
		Release|iPhoneSimulator = Release|iPhoneSimulator
		Release|x64 = Release|x64
		Release|x86 = Release|x86
	EndGlobalSection
	GlobalSection(ProjectConfigurationPlatforms) = postSolution
		{4DDE47D0-394D-40F4-ADDE-817C918A81CF}.Ad-Hoc|Any CPU.ActiveCfg = Release|Any CPU
		{4DDE47D0-394D-40F4-ADDE-817C918A81CF}.Ad-Hoc|Any CPU.Build.0 = Release|Any CPU
		{4DDE47D0-394D-40F4-ADDE-817C918A81CF}.Ad-Hoc|Any CPU.Deploy.0 = Release|Any CPU
		{4DDE47D0-394D-40F4-ADDE-817C918A81CF}.Ad-Hoc|ARM.ActiveCfg = Release|Any CPU
		{4DDE47D0-394D-40F4-ADDE-817C918A81CF}.Ad-Hoc|ARM.Build.0 = Release|Any CPU
		{4DDE47D0-394D-40F4-ADDE-817C918A81CF}.Ad-Hoc|ARM.Deploy.0 = Release|Any CPU
		{4DDE47D0-394D-40F4-ADDE-817C918A81CF}.Ad-Hoc|ARM64.ActiveCfg = Debug|Any CPU
		{4DDE47D0-394D-40F4-ADDE-817C918A81CF}.Ad-Hoc|ARM64.Build.0 = Debug|Any CPU
		{4DDE47D0-394D-40F4-ADDE-817C918A81CF}.Ad-Hoc|ARM64.Deploy.0 = Debug|Any CPU
		{4DDE47D0-394D-40F4-ADDE-817C918A81CF}.Ad-Hoc|iPhone.ActiveCfg = Release|Any CPU
		{4DDE47D0-394D-40F4-ADDE-817C918A81CF}.Ad-Hoc|iPhone.Build.0 = Release|Any CPU
		{4DDE47D0-394D-40F4-ADDE-817C918A81CF}.Ad-Hoc|iPhone.Deploy.0 = Release|Any CPU
		{4DDE47D0-394D-40F4-ADDE-817C918A81CF}.Ad-Hoc|iPhoneSimulator.ActiveCfg = Release|Any CPU
		{4DDE47D0-394D-40F4-ADDE-817C918A81CF}.Ad-Hoc|iPhoneSimulator.Build.0 = Release|Any CPU
		{4DDE47D0-394D-40F4-ADDE-817C918A81CF}.Ad-Hoc|iPhoneSimulator.Deploy.0 = Release|Any CPU
		{4DDE47D0-394D-40F4-ADDE-817C918A81CF}.Ad-Hoc|x64.ActiveCfg = Release|Any CPU
		{4DDE47D0-394D-40F4-ADDE-817C918A81CF}.Ad-Hoc|x64.Build.0 = Release|Any CPU
		{4DDE47D0-394D-40F4-ADDE-817C918A81CF}.Ad-Hoc|x64.Deploy.0 = Release|Any CPU
		{4DDE47D0-394D-40F4-ADDE-817C918A81CF}.Ad-Hoc|x86.ActiveCfg = Release|Any CPU
		{4DDE47D0-394D-40F4-ADDE-817C918A81CF}.Ad-Hoc|x86.Build.0 = Release|Any CPU
		{4DDE47D0-394D-40F4-ADDE-817C918A81CF}.Ad-Hoc|x86.Deploy.0 = Release|Any CPU
		{4DDE47D0-394D-40F4-ADDE-817C918A81CF}.AppStore|Any CPU.ActiveCfg = Release|Any CPU
		{4DDE47D0-394D-40F4-ADDE-817C918A81CF}.AppStore|Any CPU.Build.0 = Release|Any CPU
		{4DDE47D0-394D-40F4-ADDE-817C918A81CF}.AppStore|Any CPU.Deploy.0 = Release|Any CPU
		{4DDE47D0-394D-40F4-ADDE-817C918A81CF}.AppStore|ARM.ActiveCfg = Release|Any CPU
		{4DDE47D0-394D-40F4-ADDE-817C918A81CF}.AppStore|ARM.Build.0 = Release|Any CPU
		{4DDE47D0-394D-40F4-ADDE-817C918A81CF}.AppStore|ARM.Deploy.0 = Release|Any CPU
		{4DDE47D0-394D-40F4-ADDE-817C918A81CF}.AppStore|ARM64.ActiveCfg = Debug|Any CPU
		{4DDE47D0-394D-40F4-ADDE-817C918A81CF}.AppStore|ARM64.Build.0 = Debug|Any CPU
		{4DDE47D0-394D-40F4-ADDE-817C918A81CF}.AppStore|ARM64.Deploy.0 = Debug|Any CPU
		{4DDE47D0-394D-40F4-ADDE-817C918A81CF}.AppStore|iPhone.ActiveCfg = Release|Any CPU
		{4DDE47D0-394D-40F4-ADDE-817C918A81CF}.AppStore|iPhone.Build.0 = Release|Any CPU
		{4DDE47D0-394D-40F4-ADDE-817C918A81CF}.AppStore|iPhone.Deploy.0 = Release|Any CPU
		{4DDE47D0-394D-40F4-ADDE-817C918A81CF}.AppStore|iPhoneSimulator.ActiveCfg = Release|Any CPU
		{4DDE47D0-394D-40F4-ADDE-817C918A81CF}.AppStore|iPhoneSimulator.Build.0 = Release|Any CPU
		{4DDE47D0-394D-40F4-ADDE-817C918A81CF}.AppStore|iPhoneSimulator.Deploy.0 = Release|Any CPU
		{4DDE47D0-394D-40F4-ADDE-817C918A81CF}.AppStore|x64.ActiveCfg = Release|Any CPU
		{4DDE47D0-394D-40F4-ADDE-817C918A81CF}.AppStore|x64.Build.0 = Release|Any CPU
		{4DDE47D0-394D-40F4-ADDE-817C918A81CF}.AppStore|x64.Deploy.0 = Release|Any CPU
		{4DDE47D0-394D-40F4-ADDE-817C918A81CF}.AppStore|x86.ActiveCfg = Release|Any CPU
		{4DDE47D0-394D-40F4-ADDE-817C918A81CF}.AppStore|x86.Build.0 = Release|Any CPU
		{4DDE47D0-394D-40F4-ADDE-817C918A81CF}.AppStore|x86.Deploy.0 = Release|Any CPU
		{4DDE47D0-394D-40F4-ADDE-817C918A81CF}.Debug|Any CPU.ActiveCfg = Debug|Any CPU
		{4DDE47D0-394D-40F4-ADDE-817C918A81CF}.Debug|Any CPU.Build.0 = Debug|Any CPU
		{4DDE47D0-394D-40F4-ADDE-817C918A81CF}.Debug|Any CPU.Deploy.0 = Debug|Any CPU
		{4DDE47D0-394D-40F4-ADDE-817C918A81CF}.Debug|ARM.ActiveCfg = Debug|Any CPU
		{4DDE47D0-394D-40F4-ADDE-817C918A81CF}.Debug|ARM.Build.0 = Debug|Any CPU
		{4DDE47D0-394D-40F4-ADDE-817C918A81CF}.Debug|ARM.Deploy.0 = Debug|Any CPU
		{4DDE47D0-394D-40F4-ADDE-817C918A81CF}.Debug|ARM64.ActiveCfg = Debug|Any CPU
		{4DDE47D0-394D-40F4-ADDE-817C918A81CF}.Debug|ARM64.Build.0 = Debug|Any CPU
		{4DDE47D0-394D-40F4-ADDE-817C918A81CF}.Debug|ARM64.Deploy.0 = Debug|Any CPU
		{4DDE47D0-394D-40F4-ADDE-817C918A81CF}.Debug|iPhone.ActiveCfg = Debug|Any CPU
		{4DDE47D0-394D-40F4-ADDE-817C918A81CF}.Debug|iPhone.Build.0 = Debug|Any CPU
		{4DDE47D0-394D-40F4-ADDE-817C918A81CF}.Debug|iPhone.Deploy.0 = Debug|Any CPU
		{4DDE47D0-394D-40F4-ADDE-817C918A81CF}.Debug|iPhoneSimulator.ActiveCfg = Debug|Any CPU
		{4DDE47D0-394D-40F4-ADDE-817C918A81CF}.Debug|iPhoneSimulator.Build.0 = Debug|Any CPU
		{4DDE47D0-394D-40F4-ADDE-817C918A81CF}.Debug|iPhoneSimulator.Deploy.0 = Debug|Any CPU
		{4DDE47D0-394D-40F4-ADDE-817C918A81CF}.Debug|x64.ActiveCfg = Debug|Any CPU
		{4DDE47D0-394D-40F4-ADDE-817C918A81CF}.Debug|x64.Build.0 = Debug|Any CPU
		{4DDE47D0-394D-40F4-ADDE-817C918A81CF}.Debug|x64.Deploy.0 = Debug|Any CPU
		{4DDE47D0-394D-40F4-ADDE-817C918A81CF}.Debug|x86.ActiveCfg = Debug|Any CPU
		{4DDE47D0-394D-40F4-ADDE-817C918A81CF}.Debug|x86.Build.0 = Debug|Any CPU
		{4DDE47D0-394D-40F4-ADDE-817C918A81CF}.Debug|x86.Deploy.0 = Debug|Any CPU
		{4DDE47D0-394D-40F4-ADDE-817C918A81CF}.Release|Any CPU.ActiveCfg = Release|Any CPU
		{4DDE47D0-394D-40F4-ADDE-817C918A81CF}.Release|Any CPU.Build.0 = Release|Any CPU
		{4DDE47D0-394D-40F4-ADDE-817C918A81CF}.Release|Any CPU.Deploy.0 = Release|Any CPU
		{4DDE47D0-394D-40F4-ADDE-817C918A81CF}.Release|ARM.ActiveCfg = Release|Any CPU
		{4DDE47D0-394D-40F4-ADDE-817C918A81CF}.Release|ARM.Build.0 = Release|Any CPU
		{4DDE47D0-394D-40F4-ADDE-817C918A81CF}.Release|ARM.Deploy.0 = Release|Any CPU
		{4DDE47D0-394D-40F4-ADDE-817C918A81CF}.Release|ARM64.ActiveCfg = Release|Any CPU
		{4DDE47D0-394D-40F4-ADDE-817C918A81CF}.Release|ARM64.Build.0 = Release|Any CPU
		{4DDE47D0-394D-40F4-ADDE-817C918A81CF}.Release|ARM64.Deploy.0 = Release|Any CPU
		{4DDE47D0-394D-40F4-ADDE-817C918A81CF}.Release|iPhone.ActiveCfg = Release|Any CPU
		{4DDE47D0-394D-40F4-ADDE-817C918A81CF}.Release|iPhone.Build.0 = Release|Any CPU
		{4DDE47D0-394D-40F4-ADDE-817C918A81CF}.Release|iPhone.Deploy.0 = Release|Any CPU
		{4DDE47D0-394D-40F4-ADDE-817C918A81CF}.Release|iPhoneSimulator.ActiveCfg = Release|Any CPU
		{4DDE47D0-394D-40F4-ADDE-817C918A81CF}.Release|iPhoneSimulator.Build.0 = Release|Any CPU
		{4DDE47D0-394D-40F4-ADDE-817C918A81CF}.Release|iPhoneSimulator.Deploy.0 = Release|Any CPU
		{4DDE47D0-394D-40F4-ADDE-817C918A81CF}.Release|x64.ActiveCfg = Release|Any CPU
		{4DDE47D0-394D-40F4-ADDE-817C918A81CF}.Release|x64.Build.0 = Release|Any CPU
		{4DDE47D0-394D-40F4-ADDE-817C918A81CF}.Release|x64.Deploy.0 = Release|Any CPU
		{4DDE47D0-394D-40F4-ADDE-817C918A81CF}.Release|x86.ActiveCfg = Release|Any CPU
		{4DDE47D0-394D-40F4-ADDE-817C918A81CF}.Release|x86.Build.0 = Release|Any CPU
		{4DDE47D0-394D-40F4-ADDE-817C918A81CF}.Release|x86.Deploy.0 = Release|Any CPU
		{58105972-DD25-4067-90EA-02AB22A6ECD3}.Ad-Hoc|Any CPU.ActiveCfg = Ad-Hoc|iPhone
		{58105972-DD25-4067-90EA-02AB22A6ECD3}.Ad-Hoc|Any CPU.Build.0 = Ad-Hoc|iPhone
		{58105972-DD25-4067-90EA-02AB22A6ECD3}.Ad-Hoc|Any CPU.Deploy.0 = Ad-Hoc|iPhone
		{58105972-DD25-4067-90EA-02AB22A6ECD3}.Ad-Hoc|ARM.ActiveCfg = Ad-Hoc|iPhone
		{58105972-DD25-4067-90EA-02AB22A6ECD3}.Ad-Hoc|ARM.Build.0 = Ad-Hoc|iPhone
		{58105972-DD25-4067-90EA-02AB22A6ECD3}.Ad-Hoc|ARM.Deploy.0 = Ad-Hoc|iPhone
		{58105972-DD25-4067-90EA-02AB22A6ECD3}.Ad-Hoc|ARM64.ActiveCfg = Ad-Hoc|iPhoneSimulator
		{58105972-DD25-4067-90EA-02AB22A6ECD3}.Ad-Hoc|iPhone.ActiveCfg = Ad-Hoc|iPhone
		{58105972-DD25-4067-90EA-02AB22A6ECD3}.Ad-Hoc|iPhone.Build.0 = Ad-Hoc|iPhone
		{58105972-DD25-4067-90EA-02AB22A6ECD3}.Ad-Hoc|iPhone.Deploy.0 = Ad-Hoc|iPhone
		{58105972-DD25-4067-90EA-02AB22A6ECD3}.Ad-Hoc|iPhoneSimulator.ActiveCfg = Ad-Hoc|iPhoneSimulator
		{58105972-DD25-4067-90EA-02AB22A6ECD3}.Ad-Hoc|iPhoneSimulator.Build.0 = Ad-Hoc|iPhoneSimulator
		{58105972-DD25-4067-90EA-02AB22A6ECD3}.Ad-Hoc|iPhoneSimulator.Deploy.0 = Ad-Hoc|iPhoneSimulator
		{58105972-DD25-4067-90EA-02AB22A6ECD3}.Ad-Hoc|x64.ActiveCfg = Ad-Hoc|iPhone
		{58105972-DD25-4067-90EA-02AB22A6ECD3}.Ad-Hoc|x64.Build.0 = Ad-Hoc|iPhone
		{58105972-DD25-4067-90EA-02AB22A6ECD3}.Ad-Hoc|x64.Deploy.0 = Ad-Hoc|iPhone
		{58105972-DD25-4067-90EA-02AB22A6ECD3}.Ad-Hoc|x86.ActiveCfg = Ad-Hoc|iPhone
		{58105972-DD25-4067-90EA-02AB22A6ECD3}.Ad-Hoc|x86.Build.0 = Ad-Hoc|iPhone
		{58105972-DD25-4067-90EA-02AB22A6ECD3}.Ad-Hoc|x86.Deploy.0 = Ad-Hoc|iPhone
		{58105972-DD25-4067-90EA-02AB22A6ECD3}.AppStore|Any CPU.ActiveCfg = AppStore|iPhone
		{58105972-DD25-4067-90EA-02AB22A6ECD3}.AppStore|Any CPU.Build.0 = AppStore|iPhone
		{58105972-DD25-4067-90EA-02AB22A6ECD3}.AppStore|Any CPU.Deploy.0 = AppStore|iPhone
		{58105972-DD25-4067-90EA-02AB22A6ECD3}.AppStore|ARM.ActiveCfg = AppStore|iPhone
		{58105972-DD25-4067-90EA-02AB22A6ECD3}.AppStore|ARM.Build.0 = AppStore|iPhone
		{58105972-DD25-4067-90EA-02AB22A6ECD3}.AppStore|ARM.Deploy.0 = AppStore|iPhone
		{58105972-DD25-4067-90EA-02AB22A6ECD3}.AppStore|ARM64.ActiveCfg = AppStore|iPhoneSimulator
		{58105972-DD25-4067-90EA-02AB22A6ECD3}.AppStore|iPhone.ActiveCfg = AppStore|iPhone
		{58105972-DD25-4067-90EA-02AB22A6ECD3}.AppStore|iPhone.Build.0 = AppStore|iPhone
		{58105972-DD25-4067-90EA-02AB22A6ECD3}.AppStore|iPhone.Deploy.0 = AppStore|iPhone
		{58105972-DD25-4067-90EA-02AB22A6ECD3}.AppStore|iPhoneSimulator.ActiveCfg = AppStore|iPhoneSimulator
		{58105972-DD25-4067-90EA-02AB22A6ECD3}.AppStore|iPhoneSimulator.Build.0 = AppStore|iPhoneSimulator
		{58105972-DD25-4067-90EA-02AB22A6ECD3}.AppStore|iPhoneSimulator.Deploy.0 = AppStore|iPhoneSimulator
		{58105972-DD25-4067-90EA-02AB22A6ECD3}.AppStore|x64.ActiveCfg = AppStore|iPhone
		{58105972-DD25-4067-90EA-02AB22A6ECD3}.AppStore|x64.Build.0 = AppStore|iPhone
		{58105972-DD25-4067-90EA-02AB22A6ECD3}.AppStore|x64.Deploy.0 = AppStore|iPhone
		{58105972-DD25-4067-90EA-02AB22A6ECD3}.AppStore|x86.ActiveCfg = AppStore|iPhone
		{58105972-DD25-4067-90EA-02AB22A6ECD3}.AppStore|x86.Build.0 = AppStore|iPhone
		{58105972-DD25-4067-90EA-02AB22A6ECD3}.AppStore|x86.Deploy.0 = AppStore|iPhone
		{58105972-DD25-4067-90EA-02AB22A6ECD3}.Debug|Any CPU.ActiveCfg = Debug|iPhoneSimulator
		{58105972-DD25-4067-90EA-02AB22A6ECD3}.Debug|Any CPU.Build.0 = Debug|iPhoneSimulator
		{58105972-DD25-4067-90EA-02AB22A6ECD3}.Debug|Any CPU.Deploy.0 = Debug|iPhoneSimulator
		{58105972-DD25-4067-90EA-02AB22A6ECD3}.Debug|ARM.ActiveCfg = Debug|iPhone
		{58105972-DD25-4067-90EA-02AB22A6ECD3}.Debug|ARM.Build.0 = Debug|iPhone
		{58105972-DD25-4067-90EA-02AB22A6ECD3}.Debug|ARM.Deploy.0 = Debug|iPhone
		{58105972-DD25-4067-90EA-02AB22A6ECD3}.Debug|ARM64.ActiveCfg = Debug|iPhone
		{58105972-DD25-4067-90EA-02AB22A6ECD3}.Debug|iPhone.ActiveCfg = Debug|iPhone
		{58105972-DD25-4067-90EA-02AB22A6ECD3}.Debug|iPhone.Build.0 = Debug|iPhone
		{58105972-DD25-4067-90EA-02AB22A6ECD3}.Debug|iPhone.Deploy.0 = Debug|iPhone
		{58105972-DD25-4067-90EA-02AB22A6ECD3}.Debug|iPhoneSimulator.ActiveCfg = Debug|iPhoneSimulator
		{58105972-DD25-4067-90EA-02AB22A6ECD3}.Debug|iPhoneSimulator.Build.0 = Debug|iPhoneSimulator
		{58105972-DD25-4067-90EA-02AB22A6ECD3}.Debug|iPhoneSimulator.Deploy.0 = Debug|iPhoneSimulator
		{58105972-DD25-4067-90EA-02AB22A6ECD3}.Debug|x64.ActiveCfg = Debug|iPhone
		{58105972-DD25-4067-90EA-02AB22A6ECD3}.Debug|x64.Build.0 = Debug|iPhone
		{58105972-DD25-4067-90EA-02AB22A6ECD3}.Debug|x64.Deploy.0 = Debug|iPhone
		{58105972-DD25-4067-90EA-02AB22A6ECD3}.Debug|x86.ActiveCfg = Debug|iPhone
		{58105972-DD25-4067-90EA-02AB22A6ECD3}.Debug|x86.Build.0 = Debug|iPhone
		{58105972-DD25-4067-90EA-02AB22A6ECD3}.Debug|x86.Deploy.0 = Debug|iPhone
		{58105972-DD25-4067-90EA-02AB22A6ECD3}.Release|Any CPU.ActiveCfg = Release|iPhone
		{58105972-DD25-4067-90EA-02AB22A6ECD3}.Release|Any CPU.Build.0 = Release|iPhone
		{58105972-DD25-4067-90EA-02AB22A6ECD3}.Release|Any CPU.Deploy.0 = Release|iPhone
		{58105972-DD25-4067-90EA-02AB22A6ECD3}.Release|ARM.ActiveCfg = Release|iPhone
		{58105972-DD25-4067-90EA-02AB22A6ECD3}.Release|ARM.Build.0 = Release|iPhone
		{58105972-DD25-4067-90EA-02AB22A6ECD3}.Release|ARM.Deploy.0 = Release|iPhone
		{58105972-DD25-4067-90EA-02AB22A6ECD3}.Release|ARM64.ActiveCfg = Release|iPhoneSimulator
		{58105972-DD25-4067-90EA-02AB22A6ECD3}.Release|iPhone.ActiveCfg = Release|iPhone
		{58105972-DD25-4067-90EA-02AB22A6ECD3}.Release|iPhone.Build.0 = Release|iPhone
		{58105972-DD25-4067-90EA-02AB22A6ECD3}.Release|iPhone.Deploy.0 = Release|iPhone
		{58105972-DD25-4067-90EA-02AB22A6ECD3}.Release|iPhoneSimulator.ActiveCfg = Release|iPhoneSimulator
		{58105972-DD25-4067-90EA-02AB22A6ECD3}.Release|iPhoneSimulator.Build.0 = Release|iPhoneSimulator
		{58105972-DD25-4067-90EA-02AB22A6ECD3}.Release|iPhoneSimulator.Deploy.0 = Release|iPhoneSimulator
		{58105972-DD25-4067-90EA-02AB22A6ECD3}.Release|x64.ActiveCfg = Release|iPhone
		{58105972-DD25-4067-90EA-02AB22A6ECD3}.Release|x64.Build.0 = Release|iPhone
		{58105972-DD25-4067-90EA-02AB22A6ECD3}.Release|x64.Deploy.0 = Release|iPhone
		{58105972-DD25-4067-90EA-02AB22A6ECD3}.Release|x86.ActiveCfg = Release|iPhone
		{58105972-DD25-4067-90EA-02AB22A6ECD3}.Release|x86.Build.0 = Release|iPhone
		{58105972-DD25-4067-90EA-02AB22A6ECD3}.Release|x86.Deploy.0 = Release|iPhone
		{0B3E34A4-989B-49EC-A797-918C0BC98263}.Ad-Hoc|Any CPU.ActiveCfg = Release|x86
		{0B3E34A4-989B-49EC-A797-918C0BC98263}.Ad-Hoc|Any CPU.Build.0 = Release|x86
		{0B3E34A4-989B-49EC-A797-918C0BC98263}.Ad-Hoc|Any CPU.Deploy.0 = Release|x86
		{0B3E34A4-989B-49EC-A797-918C0BC98263}.Ad-Hoc|ARM.ActiveCfg = Release|ARM
		{0B3E34A4-989B-49EC-A797-918C0BC98263}.Ad-Hoc|ARM.Build.0 = Release|ARM
		{0B3E34A4-989B-49EC-A797-918C0BC98263}.Ad-Hoc|ARM.Deploy.0 = Release|ARM
		{0B3E34A4-989B-49EC-A797-918C0BC98263}.Ad-Hoc|ARM64.ActiveCfg = Debug|x64
		{0B3E34A4-989B-49EC-A797-918C0BC98263}.Ad-Hoc|iPhone.ActiveCfg = Release|x86
		{0B3E34A4-989B-49EC-A797-918C0BC98263}.Ad-Hoc|iPhone.Build.0 = Release|x86
		{0B3E34A4-989B-49EC-A797-918C0BC98263}.Ad-Hoc|iPhone.Deploy.0 = Release|x86
		{0B3E34A4-989B-49EC-A797-918C0BC98263}.Ad-Hoc|iPhoneSimulator.ActiveCfg = Release|x86
		{0B3E34A4-989B-49EC-A797-918C0BC98263}.Ad-Hoc|iPhoneSimulator.Build.0 = Release|x86
		{0B3E34A4-989B-49EC-A797-918C0BC98263}.Ad-Hoc|iPhoneSimulator.Deploy.0 = Release|x86
		{0B3E34A4-989B-49EC-A797-918C0BC98263}.Ad-Hoc|x64.ActiveCfg = Release|x64
		{0B3E34A4-989B-49EC-A797-918C0BC98263}.Ad-Hoc|x64.Build.0 = Release|x64
		{0B3E34A4-989B-49EC-A797-918C0BC98263}.Ad-Hoc|x64.Deploy.0 = Release|x64
		{0B3E34A4-989B-49EC-A797-918C0BC98263}.Ad-Hoc|x86.ActiveCfg = Release|x86
		{0B3E34A4-989B-49EC-A797-918C0BC98263}.Ad-Hoc|x86.Build.0 = Release|x86
		{0B3E34A4-989B-49EC-A797-918C0BC98263}.Ad-Hoc|x86.Deploy.0 = Release|x86
		{0B3E34A4-989B-49EC-A797-918C0BC98263}.AppStore|Any CPU.ActiveCfg = Release|x86
		{0B3E34A4-989B-49EC-A797-918C0BC98263}.AppStore|Any CPU.Build.0 = Release|x86
		{0B3E34A4-989B-49EC-A797-918C0BC98263}.AppStore|Any CPU.Deploy.0 = Release|x86
		{0B3E34A4-989B-49EC-A797-918C0BC98263}.AppStore|ARM.ActiveCfg = Release|ARM
		{0B3E34A4-989B-49EC-A797-918C0BC98263}.AppStore|ARM.Build.0 = Release|ARM
		{0B3E34A4-989B-49EC-A797-918C0BC98263}.AppStore|ARM.Deploy.0 = Release|ARM
		{0B3E34A4-989B-49EC-A797-918C0BC98263}.AppStore|ARM64.ActiveCfg = Debug|x64
		{0B3E34A4-989B-49EC-A797-918C0BC98263}.AppStore|iPhone.ActiveCfg = Release|x86
		{0B3E34A4-989B-49EC-A797-918C0BC98263}.AppStore|iPhone.Build.0 = Release|x86
		{0B3E34A4-989B-49EC-A797-918C0BC98263}.AppStore|iPhone.Deploy.0 = Release|x86
		{0B3E34A4-989B-49EC-A797-918C0BC98263}.AppStore|iPhoneSimulator.ActiveCfg = Release|x86
		{0B3E34A4-989B-49EC-A797-918C0BC98263}.AppStore|iPhoneSimulator.Build.0 = Release|x86
		{0B3E34A4-989B-49EC-A797-918C0BC98263}.AppStore|iPhoneSimulator.Deploy.0 = Release|x86
		{0B3E34A4-989B-49EC-A797-918C0BC98263}.AppStore|x64.ActiveCfg = Release|x64
		{0B3E34A4-989B-49EC-A797-918C0BC98263}.AppStore|x64.Build.0 = Release|x64
		{0B3E34A4-989B-49EC-A797-918C0BC98263}.AppStore|x64.Deploy.0 = Release|x64
		{0B3E34A4-989B-49EC-A797-918C0BC98263}.AppStore|x86.ActiveCfg = Release|x86
		{0B3E34A4-989B-49EC-A797-918C0BC98263}.AppStore|x86.Build.0 = Release|x86
		{0B3E34A4-989B-49EC-A797-918C0BC98263}.AppStore|x86.Deploy.0 = Release|x86
		{0B3E34A4-989B-49EC-A797-918C0BC98263}.Debug|Any CPU.ActiveCfg = Debug|x86
		{0B3E34A4-989B-49EC-A797-918C0BC98263}.Debug|Any CPU.Build.0 = Debug|x86
		{0B3E34A4-989B-49EC-A797-918C0BC98263}.Debug|Any CPU.Deploy.0 = Debug|x86
		{0B3E34A4-989B-49EC-A797-918C0BC98263}.Debug|ARM.ActiveCfg = Debug|ARM
		{0B3E34A4-989B-49EC-A797-918C0BC98263}.Debug|ARM.Build.0 = Debug|ARM
		{0B3E34A4-989B-49EC-A797-918C0BC98263}.Debug|ARM.Deploy.0 = Debug|ARM
		{0B3E34A4-989B-49EC-A797-918C0BC98263}.Debug|ARM64.ActiveCfg = Debug|x86
		{0B3E34A4-989B-49EC-A797-918C0BC98263}.Debug|iPhone.ActiveCfg = Debug|x86
		{0B3E34A4-989B-49EC-A797-918C0BC98263}.Debug|iPhone.Build.0 = Debug|x86
		{0B3E34A4-989B-49EC-A797-918C0BC98263}.Debug|iPhone.Deploy.0 = Debug|x86
		{0B3E34A4-989B-49EC-A797-918C0BC98263}.Debug|iPhoneSimulator.ActiveCfg = Debug|x86
		{0B3E34A4-989B-49EC-A797-918C0BC98263}.Debug|iPhoneSimulator.Build.0 = Debug|x86
		{0B3E34A4-989B-49EC-A797-918C0BC98263}.Debug|iPhoneSimulator.Deploy.0 = Debug|x86
		{0B3E34A4-989B-49EC-A797-918C0BC98263}.Debug|x64.ActiveCfg = Debug|x64
		{0B3E34A4-989B-49EC-A797-918C0BC98263}.Debug|x64.Build.0 = Debug|x64
		{0B3E34A4-989B-49EC-A797-918C0BC98263}.Debug|x64.Deploy.0 = Debug|x64
		{0B3E34A4-989B-49EC-A797-918C0BC98263}.Debug|x86.ActiveCfg = Debug|x86
		{0B3E34A4-989B-49EC-A797-918C0BC98263}.Debug|x86.Build.0 = Debug|x86
		{0B3E34A4-989B-49EC-A797-918C0BC98263}.Debug|x86.Deploy.0 = Debug|x86
		{0B3E34A4-989B-49EC-A797-918C0BC98263}.Release|Any CPU.ActiveCfg = Release|x86
		{0B3E34A4-989B-49EC-A797-918C0BC98263}.Release|Any CPU.Build.0 = Release|x86
		{0B3E34A4-989B-49EC-A797-918C0BC98263}.Release|Any CPU.Deploy.0 = Release|x86
		{0B3E34A4-989B-49EC-A797-918C0BC98263}.Release|ARM.ActiveCfg = Release|ARM
		{0B3E34A4-989B-49EC-A797-918C0BC98263}.Release|ARM.Build.0 = Release|ARM
		{0B3E34A4-989B-49EC-A797-918C0BC98263}.Release|ARM.Deploy.0 = Release|ARM
		{0B3E34A4-989B-49EC-A797-918C0BC98263}.Release|ARM64.ActiveCfg = Release|x86
		{0B3E34A4-989B-49EC-A797-918C0BC98263}.Release|iPhone.ActiveCfg = Release|x86
		{0B3E34A4-989B-49EC-A797-918C0BC98263}.Release|iPhone.Build.0 = Release|x86
		{0B3E34A4-989B-49EC-A797-918C0BC98263}.Release|iPhone.Deploy.0 = Release|x86
		{0B3E34A4-989B-49EC-A797-918C0BC98263}.Release|iPhoneSimulator.ActiveCfg = Release|x86
		{0B3E34A4-989B-49EC-A797-918C0BC98263}.Release|iPhoneSimulator.Build.0 = Release|x86
		{0B3E34A4-989B-49EC-A797-918C0BC98263}.Release|iPhoneSimulator.Deploy.0 = Release|x86
		{0B3E34A4-989B-49EC-A797-918C0BC98263}.Release|x64.ActiveCfg = Release|x64
		{0B3E34A4-989B-49EC-A797-918C0BC98263}.Release|x64.Build.0 = Release|x64
		{0B3E34A4-989B-49EC-A797-918C0BC98263}.Release|x64.Deploy.0 = Release|x64
		{0B3E34A4-989B-49EC-A797-918C0BC98263}.Release|x86.ActiveCfg = Release|x86
		{0B3E34A4-989B-49EC-A797-918C0BC98263}.Release|x86.Build.0 = Release|x86
		{0B3E34A4-989B-49EC-A797-918C0BC98263}.Release|x86.Deploy.0 = Release|x86
		{864A5DF7-2DDA-4AB2-8C29-69618C4B72B1}.Ad-Hoc|Any CPU.ActiveCfg = Debug|Any CPU
		{864A5DF7-2DDA-4AB2-8C29-69618C4B72B1}.Ad-Hoc|Any CPU.Build.0 = Debug|Any CPU
		{864A5DF7-2DDA-4AB2-8C29-69618C4B72B1}.Ad-Hoc|Any CPU.Deploy.0 = Debug|Any CPU
		{864A5DF7-2DDA-4AB2-8C29-69618C4B72B1}.Ad-Hoc|ARM.ActiveCfg = Debug|Any CPU
		{864A5DF7-2DDA-4AB2-8C29-69618C4B72B1}.Ad-Hoc|ARM.Build.0 = Debug|Any CPU
		{864A5DF7-2DDA-4AB2-8C29-69618C4B72B1}.Ad-Hoc|ARM.Deploy.0 = Debug|Any CPU
		{864A5DF7-2DDA-4AB2-8C29-69618C4B72B1}.Ad-Hoc|ARM64.ActiveCfg = Release|Any CPU
		{864A5DF7-2DDA-4AB2-8C29-69618C4B72B1}.Ad-Hoc|ARM64.Build.0 = Release|Any CPU
		{864A5DF7-2DDA-4AB2-8C29-69618C4B72B1}.Ad-Hoc|iPhone.ActiveCfg = Debug|Any CPU
		{864A5DF7-2DDA-4AB2-8C29-69618C4B72B1}.Ad-Hoc|iPhone.Build.0 = Debug|Any CPU
		{864A5DF7-2DDA-4AB2-8C29-69618C4B72B1}.Ad-Hoc|iPhone.Deploy.0 = Debug|Any CPU
		{864A5DF7-2DDA-4AB2-8C29-69618C4B72B1}.Ad-Hoc|iPhoneSimulator.ActiveCfg = Debug|Any CPU
		{864A5DF7-2DDA-4AB2-8C29-69618C4B72B1}.Ad-Hoc|iPhoneSimulator.Build.0 = Debug|Any CPU
		{864A5DF7-2DDA-4AB2-8C29-69618C4B72B1}.Ad-Hoc|iPhoneSimulator.Deploy.0 = Debug|Any CPU
		{864A5DF7-2DDA-4AB2-8C29-69618C4B72B1}.Ad-Hoc|x64.ActiveCfg = Debug|Any CPU
		{864A5DF7-2DDA-4AB2-8C29-69618C4B72B1}.Ad-Hoc|x64.Build.0 = Debug|Any CPU
		{864A5DF7-2DDA-4AB2-8C29-69618C4B72B1}.Ad-Hoc|x64.Deploy.0 = Debug|Any CPU
		{864A5DF7-2DDA-4AB2-8C29-69618C4B72B1}.Ad-Hoc|x86.ActiveCfg = Debug|Any CPU
		{864A5DF7-2DDA-4AB2-8C29-69618C4B72B1}.Ad-Hoc|x86.Build.0 = Debug|Any CPU
		{864A5DF7-2DDA-4AB2-8C29-69618C4B72B1}.Ad-Hoc|x86.Deploy.0 = Debug|Any CPU
		{864A5DF7-2DDA-4AB2-8C29-69618C4B72B1}.AppStore|Any CPU.ActiveCfg = Debug|Any CPU
		{864A5DF7-2DDA-4AB2-8C29-69618C4B72B1}.AppStore|Any CPU.Build.0 = Debug|Any CPU
		{864A5DF7-2DDA-4AB2-8C29-69618C4B72B1}.AppStore|Any CPU.Deploy.0 = Debug|Any CPU
		{864A5DF7-2DDA-4AB2-8C29-69618C4B72B1}.AppStore|ARM.ActiveCfg = Debug|Any CPU
		{864A5DF7-2DDA-4AB2-8C29-69618C4B72B1}.AppStore|ARM.Build.0 = Debug|Any CPU
		{864A5DF7-2DDA-4AB2-8C29-69618C4B72B1}.AppStore|ARM.Deploy.0 = Debug|Any CPU
		{864A5DF7-2DDA-4AB2-8C29-69618C4B72B1}.AppStore|ARM64.ActiveCfg = Release|Any CPU
		{864A5DF7-2DDA-4AB2-8C29-69618C4B72B1}.AppStore|ARM64.Build.0 = Release|Any CPU
		{864A5DF7-2DDA-4AB2-8C29-69618C4B72B1}.AppStore|iPhone.ActiveCfg = Debug|Any CPU
		{864A5DF7-2DDA-4AB2-8C29-69618C4B72B1}.AppStore|iPhone.Build.0 = Debug|Any CPU
		{864A5DF7-2DDA-4AB2-8C29-69618C4B72B1}.AppStore|iPhone.Deploy.0 = Debug|Any CPU
		{864A5DF7-2DDA-4AB2-8C29-69618C4B72B1}.AppStore|iPhoneSimulator.ActiveCfg = Debug|Any CPU
		{864A5DF7-2DDA-4AB2-8C29-69618C4B72B1}.AppStore|iPhoneSimulator.Build.0 = Debug|Any CPU
		{864A5DF7-2DDA-4AB2-8C29-69618C4B72B1}.AppStore|iPhoneSimulator.Deploy.0 = Debug|Any CPU
		{864A5DF7-2DDA-4AB2-8C29-69618C4B72B1}.AppStore|x64.ActiveCfg = Debug|Any CPU
		{864A5DF7-2DDA-4AB2-8C29-69618C4B72B1}.AppStore|x64.Build.0 = Debug|Any CPU
		{864A5DF7-2DDA-4AB2-8C29-69618C4B72B1}.AppStore|x64.Deploy.0 = Debug|Any CPU
		{864A5DF7-2DDA-4AB2-8C29-69618C4B72B1}.AppStore|x86.ActiveCfg = Debug|Any CPU
		{864A5DF7-2DDA-4AB2-8C29-69618C4B72B1}.AppStore|x86.Build.0 = Debug|Any CPU
		{864A5DF7-2DDA-4AB2-8C29-69618C4B72B1}.AppStore|x86.Deploy.0 = Debug|Any CPU
		{864A5DF7-2DDA-4AB2-8C29-69618C4B72B1}.Debug|Any CPU.ActiveCfg = Debug|Any CPU
		{864A5DF7-2DDA-4AB2-8C29-69618C4B72B1}.Debug|Any CPU.Build.0 = Debug|Any CPU
		{864A5DF7-2DDA-4AB2-8C29-69618C4B72B1}.Debug|Any CPU.Deploy.0 = Debug|Any CPU
		{864A5DF7-2DDA-4AB2-8C29-69618C4B72B1}.Debug|ARM.ActiveCfg = Debug|Any CPU
		{864A5DF7-2DDA-4AB2-8C29-69618C4B72B1}.Debug|ARM.Build.0 = Debug|Any CPU
		{864A5DF7-2DDA-4AB2-8C29-69618C4B72B1}.Debug|ARM.Deploy.0 = Debug|Any CPU
		{864A5DF7-2DDA-4AB2-8C29-69618C4B72B1}.Debug|ARM64.ActiveCfg = Debug|Any CPU
		{864A5DF7-2DDA-4AB2-8C29-69618C4B72B1}.Debug|ARM64.Build.0 = Debug|Any CPU
		{864A5DF7-2DDA-4AB2-8C29-69618C4B72B1}.Debug|iPhone.ActiveCfg = Debug|Any CPU
		{864A5DF7-2DDA-4AB2-8C29-69618C4B72B1}.Debug|iPhone.Build.0 = Debug|Any CPU
		{864A5DF7-2DDA-4AB2-8C29-69618C4B72B1}.Debug|iPhone.Deploy.0 = Debug|Any CPU
		{864A5DF7-2DDA-4AB2-8C29-69618C4B72B1}.Debug|iPhoneSimulator.ActiveCfg = Debug|Any CPU
		{864A5DF7-2DDA-4AB2-8C29-69618C4B72B1}.Debug|iPhoneSimulator.Build.0 = Debug|Any CPU
		{864A5DF7-2DDA-4AB2-8C29-69618C4B72B1}.Debug|iPhoneSimulator.Deploy.0 = Debug|Any CPU
		{864A5DF7-2DDA-4AB2-8C29-69618C4B72B1}.Debug|x64.ActiveCfg = Debug|Any CPU
		{864A5DF7-2DDA-4AB2-8C29-69618C4B72B1}.Debug|x64.Build.0 = Debug|Any CPU
		{864A5DF7-2DDA-4AB2-8C29-69618C4B72B1}.Debug|x64.Deploy.0 = Debug|Any CPU
		{864A5DF7-2DDA-4AB2-8C29-69618C4B72B1}.Debug|x86.ActiveCfg = Debug|Any CPU
		{864A5DF7-2DDA-4AB2-8C29-69618C4B72B1}.Debug|x86.Build.0 = Debug|Any CPU
		{864A5DF7-2DDA-4AB2-8C29-69618C4B72B1}.Debug|x86.Deploy.0 = Debug|Any CPU
		{864A5DF7-2DDA-4AB2-8C29-69618C4B72B1}.Release|Any CPU.ActiveCfg = Release|Any CPU
		{864A5DF7-2DDA-4AB2-8C29-69618C4B72B1}.Release|Any CPU.Build.0 = Release|Any CPU
		{864A5DF7-2DDA-4AB2-8C29-69618C4B72B1}.Release|Any CPU.Deploy.0 = Release|Any CPU
		{864A5DF7-2DDA-4AB2-8C29-69618C4B72B1}.Release|ARM.ActiveCfg = Release|Any CPU
		{864A5DF7-2DDA-4AB2-8C29-69618C4B72B1}.Release|ARM.Build.0 = Release|Any CPU
		{864A5DF7-2DDA-4AB2-8C29-69618C4B72B1}.Release|ARM.Deploy.0 = Release|Any CPU
		{864A5DF7-2DDA-4AB2-8C29-69618C4B72B1}.Release|ARM64.ActiveCfg = Release|Any CPU
		{864A5DF7-2DDA-4AB2-8C29-69618C4B72B1}.Release|ARM64.Build.0 = Release|Any CPU
		{864A5DF7-2DDA-4AB2-8C29-69618C4B72B1}.Release|iPhone.ActiveCfg = Release|Any CPU
		{864A5DF7-2DDA-4AB2-8C29-69618C4B72B1}.Release|iPhone.Build.0 = Release|Any CPU
		{864A5DF7-2DDA-4AB2-8C29-69618C4B72B1}.Release|iPhone.Deploy.0 = Release|Any CPU
		{864A5DF7-2DDA-4AB2-8C29-69618C4B72B1}.Release|iPhoneSimulator.ActiveCfg = Release|Any CPU
		{864A5DF7-2DDA-4AB2-8C29-69618C4B72B1}.Release|iPhoneSimulator.Build.0 = Release|Any CPU
		{864A5DF7-2DDA-4AB2-8C29-69618C4B72B1}.Release|iPhoneSimulator.Deploy.0 = Release|Any CPU
		{864A5DF7-2DDA-4AB2-8C29-69618C4B72B1}.Release|x64.ActiveCfg = Release|Any CPU
		{864A5DF7-2DDA-4AB2-8C29-69618C4B72B1}.Release|x64.Build.0 = Release|Any CPU
		{864A5DF7-2DDA-4AB2-8C29-69618C4B72B1}.Release|x64.Deploy.0 = Release|Any CPU
		{864A5DF7-2DDA-4AB2-8C29-69618C4B72B1}.Release|x86.ActiveCfg = Release|Any CPU
		{864A5DF7-2DDA-4AB2-8C29-69618C4B72B1}.Release|x86.Build.0 = Release|Any CPU
		{864A5DF7-2DDA-4AB2-8C29-69618C4B72B1}.Release|x86.Deploy.0 = Release|Any CPU
		{8A5D2748-EFDA-4618-83B5-29AF20834819}.Ad-Hoc|Any CPU.ActiveCfg = Release|x86
		{8A5D2748-EFDA-4618-83B5-29AF20834819}.Ad-Hoc|Any CPU.Build.0 = Release|x86
		{8A5D2748-EFDA-4618-83B5-29AF20834819}.Ad-Hoc|ARM.ActiveCfg = Release|ARM
		{8A5D2748-EFDA-4618-83B5-29AF20834819}.Ad-Hoc|ARM.Build.0 = Release|ARM
		{8A5D2748-EFDA-4618-83B5-29AF20834819}.Ad-Hoc|ARM64.ActiveCfg = Release|ARM64
		{8A5D2748-EFDA-4618-83B5-29AF20834819}.Ad-Hoc|ARM64.Build.0 = Release|ARM64
		{8A5D2748-EFDA-4618-83B5-29AF20834819}.Ad-Hoc|iPhone.ActiveCfg = Release|x86
		{8A5D2748-EFDA-4618-83B5-29AF20834819}.Ad-Hoc|iPhone.Build.0 = Release|x86
		{8A5D2748-EFDA-4618-83B5-29AF20834819}.Ad-Hoc|iPhoneSimulator.ActiveCfg = Release|x86
		{8A5D2748-EFDA-4618-83B5-29AF20834819}.Ad-Hoc|iPhoneSimulator.Build.0 = Release|x86
		{8A5D2748-EFDA-4618-83B5-29AF20834819}.Ad-Hoc|x64.ActiveCfg = Release|x64
		{8A5D2748-EFDA-4618-83B5-29AF20834819}.Ad-Hoc|x64.Build.0 = Release|x64
		{8A5D2748-EFDA-4618-83B5-29AF20834819}.Ad-Hoc|x86.ActiveCfg = Release|x86
		{8A5D2748-EFDA-4618-83B5-29AF20834819}.Ad-Hoc|x86.Build.0 = Release|x86
		{8A5D2748-EFDA-4618-83B5-29AF20834819}.AppStore|Any CPU.ActiveCfg = Release|x86
		{8A5D2748-EFDA-4618-83B5-29AF20834819}.AppStore|Any CPU.Build.0 = Release|x86
		{8A5D2748-EFDA-4618-83B5-29AF20834819}.AppStore|ARM.ActiveCfg = Release|ARM
		{8A5D2748-EFDA-4618-83B5-29AF20834819}.AppStore|ARM.Build.0 = Release|ARM
		{8A5D2748-EFDA-4618-83B5-29AF20834819}.AppStore|ARM64.ActiveCfg = Release|ARM64
		{8A5D2748-EFDA-4618-83B5-29AF20834819}.AppStore|ARM64.Build.0 = Release|ARM64
		{8A5D2748-EFDA-4618-83B5-29AF20834819}.AppStore|iPhone.ActiveCfg = Release|x86
		{8A5D2748-EFDA-4618-83B5-29AF20834819}.AppStore|iPhone.Build.0 = Release|x86
		{8A5D2748-EFDA-4618-83B5-29AF20834819}.AppStore|iPhoneSimulator.ActiveCfg = Release|x86
		{8A5D2748-EFDA-4618-83B5-29AF20834819}.AppStore|iPhoneSimulator.Build.0 = Release|x86
		{8A5D2748-EFDA-4618-83B5-29AF20834819}.AppStore|x64.ActiveCfg = Release|x64
		{8A5D2748-EFDA-4618-83B5-29AF20834819}.AppStore|x64.Build.0 = Release|x64
		{8A5D2748-EFDA-4618-83B5-29AF20834819}.AppStore|x86.ActiveCfg = Release|x86
		{8A5D2748-EFDA-4618-83B5-29AF20834819}.AppStore|x86.Build.0 = Release|x86
		{8A5D2748-EFDA-4618-83B5-29AF20834819}.Debug|Any CPU.ActiveCfg = Debug|ARM64
		{8A5D2748-EFDA-4618-83B5-29AF20834819}.Debug|ARM.ActiveCfg = Debug|ARM
		{8A5D2748-EFDA-4618-83B5-29AF20834819}.Debug|ARM.Build.0 = Debug|ARM
		{8A5D2748-EFDA-4618-83B5-29AF20834819}.Debug|ARM64.ActiveCfg = Debug|ARM64
		{8A5D2748-EFDA-4618-83B5-29AF20834819}.Debug|ARM64.Build.0 = Debug|ARM64
		{8A5D2748-EFDA-4618-83B5-29AF20834819}.Debug|iPhone.ActiveCfg = Debug|x86
		{8A5D2748-EFDA-4618-83B5-29AF20834819}.Debug|iPhoneSimulator.ActiveCfg = Debug|x86
		{8A5D2748-EFDA-4618-83B5-29AF20834819}.Debug|x64.ActiveCfg = Debug|x64
		{8A5D2748-EFDA-4618-83B5-29AF20834819}.Debug|x64.Build.0 = Debug|x64
		{8A5D2748-EFDA-4618-83B5-29AF20834819}.Debug|x86.ActiveCfg = Debug|x86
		{8A5D2748-EFDA-4618-83B5-29AF20834819}.Debug|x86.Build.0 = Debug|x86
		{8A5D2748-EFDA-4618-83B5-29AF20834819}.Release|Any CPU.ActiveCfg = Release|x86
		{8A5D2748-EFDA-4618-83B5-29AF20834819}.Release|ARM.ActiveCfg = Release|ARM
		{8A5D2748-EFDA-4618-83B5-29AF20834819}.Release|ARM.Build.0 = Release|ARM
		{8A5D2748-EFDA-4618-83B5-29AF20834819}.Release|ARM64.ActiveCfg = Release|ARM64
		{8A5D2748-EFDA-4618-83B5-29AF20834819}.Release|ARM64.Build.0 = Release|ARM64
		{8A5D2748-EFDA-4618-83B5-29AF20834819}.Release|iPhone.ActiveCfg = Release|x86
		{8A5D2748-EFDA-4618-83B5-29AF20834819}.Release|iPhoneSimulator.ActiveCfg = Release|x86
		{8A5D2748-EFDA-4618-83B5-29AF20834819}.Release|x64.ActiveCfg = Release|x64
		{8A5D2748-EFDA-4618-83B5-29AF20834819}.Release|x64.Build.0 = Release|x64
		{8A5D2748-EFDA-4618-83B5-29AF20834819}.Release|x86.ActiveCfg = Release|x86
		{8A5D2748-EFDA-4618-83B5-29AF20834819}.Release|x86.Build.0 = Release|x86
		{485E6A67-3C84-4EF2-AF62-B474C2331899}.Ad-Hoc|Any CPU.ActiveCfg = Release|x86
		{485E6A67-3C84-4EF2-AF62-B474C2331899}.Ad-Hoc|Any CPU.Build.0 = Release|x86
		{485E6A67-3C84-4EF2-AF62-B474C2331899}.Ad-Hoc|ARM.ActiveCfg = Release|ARM
		{485E6A67-3C84-4EF2-AF62-B474C2331899}.Ad-Hoc|ARM.Build.0 = Release|ARM
		{485E6A67-3C84-4EF2-AF62-B474C2331899}.Ad-Hoc|ARM64.ActiveCfg = Release|ARM64
		{485E6A67-3C84-4EF2-AF62-B474C2331899}.Ad-Hoc|ARM64.Build.0 = Release|ARM64
		{485E6A67-3C84-4EF2-AF62-B474C2331899}.Ad-Hoc|iPhone.ActiveCfg = Release|x86
		{485E6A67-3C84-4EF2-AF62-B474C2331899}.Ad-Hoc|iPhone.Build.0 = Release|x86
		{485E6A67-3C84-4EF2-AF62-B474C2331899}.Ad-Hoc|iPhoneSimulator.ActiveCfg = Release|x86
		{485E6A67-3C84-4EF2-AF62-B474C2331899}.Ad-Hoc|iPhoneSimulator.Build.0 = Release|x86
		{485E6A67-3C84-4EF2-AF62-B474C2331899}.Ad-Hoc|x64.ActiveCfg = Release|x64
		{485E6A67-3C84-4EF2-AF62-B474C2331899}.Ad-Hoc|x64.Build.0 = Release|x64
		{485E6A67-3C84-4EF2-AF62-B474C2331899}.Ad-Hoc|x86.ActiveCfg = Release|x86
		{485E6A67-3C84-4EF2-AF62-B474C2331899}.Ad-Hoc|x86.Build.0 = Release|x86
		{485E6A67-3C84-4EF2-AF62-B474C2331899}.AppStore|Any CPU.ActiveCfg = Release|x86
		{485E6A67-3C84-4EF2-AF62-B474C2331899}.AppStore|Any CPU.Build.0 = Release|x86
		{485E6A67-3C84-4EF2-AF62-B474C2331899}.AppStore|ARM.ActiveCfg = Release|ARM
		{485E6A67-3C84-4EF2-AF62-B474C2331899}.AppStore|ARM.Build.0 = Release|ARM
		{485E6A67-3C84-4EF2-AF62-B474C2331899}.AppStore|ARM64.ActiveCfg = Release|ARM64
		{485E6A67-3C84-4EF2-AF62-B474C2331899}.AppStore|ARM64.Build.0 = Release|ARM64
		{485E6A67-3C84-4EF2-AF62-B474C2331899}.AppStore|iPhone.ActiveCfg = Release|x86
		{485E6A67-3C84-4EF2-AF62-B474C2331899}.AppStore|iPhone.Build.0 = Release|x86
		{485E6A67-3C84-4EF2-AF62-B474C2331899}.AppStore|iPhoneSimulator.ActiveCfg = Release|x86
		{485E6A67-3C84-4EF2-AF62-B474C2331899}.AppStore|iPhoneSimulator.Build.0 = Release|x86
		{485E6A67-3C84-4EF2-AF62-B474C2331899}.AppStore|x64.ActiveCfg = Release|x64
		{485E6A67-3C84-4EF2-AF62-B474C2331899}.AppStore|x64.Build.0 = Release|x64
		{485E6A67-3C84-4EF2-AF62-B474C2331899}.AppStore|x86.ActiveCfg = Release|x86
		{485E6A67-3C84-4EF2-AF62-B474C2331899}.AppStore|x86.Build.0 = Release|x86
		{485E6A67-3C84-4EF2-AF62-B474C2331899}.Debug|Any CPU.ActiveCfg = Debug|ARM64
		{485E6A67-3C84-4EF2-AF62-B474C2331899}.Debug|ARM.ActiveCfg = Debug|ARM
		{485E6A67-3C84-4EF2-AF62-B474C2331899}.Debug|ARM.Build.0 = Debug|ARM
		{485E6A67-3C84-4EF2-AF62-B474C2331899}.Debug|ARM64.ActiveCfg = Debug|ARM64
		{485E6A67-3C84-4EF2-AF62-B474C2331899}.Debug|ARM64.Build.0 = Debug|ARM64
		{485E6A67-3C84-4EF2-AF62-B474C2331899}.Debug|iPhone.ActiveCfg = Debug|x86
		{485E6A67-3C84-4EF2-AF62-B474C2331899}.Debug|iPhoneSimulator.ActiveCfg = Debug|x86
		{485E6A67-3C84-4EF2-AF62-B474C2331899}.Debug|x64.ActiveCfg = Debug|x64
		{485E6A67-3C84-4EF2-AF62-B474C2331899}.Debug|x64.Build.0 = Debug|x64
		{485E6A67-3C84-4EF2-AF62-B474C2331899}.Debug|x86.ActiveCfg = Debug|x86
		{485E6A67-3C84-4EF2-AF62-B474C2331899}.Debug|x86.Build.0 = Debug|x86
		{485E6A67-3C84-4EF2-AF62-B474C2331899}.Release|Any CPU.ActiveCfg = Release|x86
		{485E6A67-3C84-4EF2-AF62-B474C2331899}.Release|ARM.ActiveCfg = Release|ARM
		{485E6A67-3C84-4EF2-AF62-B474C2331899}.Release|ARM.Build.0 = Release|ARM
		{485E6A67-3C84-4EF2-AF62-B474C2331899}.Release|ARM64.ActiveCfg = Release|ARM64
		{485E6A67-3C84-4EF2-AF62-B474C2331899}.Release|ARM64.Build.0 = Release|ARM64
		{485E6A67-3C84-4EF2-AF62-B474C2331899}.Release|iPhone.ActiveCfg = Release|x86
		{485E6A67-3C84-4EF2-AF62-B474C2331899}.Release|iPhoneSimulator.ActiveCfg = Release|x86
		{485E6A67-3C84-4EF2-AF62-B474C2331899}.Release|x64.ActiveCfg = Release|x64
		{485E6A67-3C84-4EF2-AF62-B474C2331899}.Release|x64.Build.0 = Release|x64
		{485E6A67-3C84-4EF2-AF62-B474C2331899}.Release|x86.ActiveCfg = Release|x86
		{485E6A67-3C84-4EF2-AF62-B474C2331899}.Release|x86.Build.0 = Release|x86
	EndGlobalSection
	GlobalSection(SolutionProperties) = preSolution
		HideSolutionNode = FALSE
	EndGlobalSection
	GlobalSection(ExtensibilityGlobals) = postSolution
		SolutionGuid = {E5079372-7941-4232-86CE-36F97332A393}
	EndGlobalSection
EndGlobal
