
Microsoft Visual Studio Solution File, Format Version 12.00
# Visual Studio 15
VisualStudioVersion = 15.0.27004.2010
MinimumVisualStudioVersion = 10.0.40219.1
Project("{FAE04EC0-301F-11D3-BF4B-00C04F79EFBC}") = "CalculatorAndroid", "CalculatorAndroid\CalculatorAndroid.csproj", "{D3974A81-4F14-4F97-B4A9-0133E1DF5F03}"
EndProject
Global
	GlobalSection(SolutionConfigurationPlatforms) = preSolution
		Debug|Any CPU = Debug|Any CPU
		Release|Any CPU = Release|Any CPU
	EndGlobalSection
	GlobalSection(ProjectConfigurationPlatforms) = postSolution
		{D3974A81-4F14-4F97-B4A9-0133E1DF5F03}.Debug|Any CPU.ActiveCfg = Debug|Any CPU
		{D3974A81-4F14-4F97-B4A9-0133E1DF5F03}.Debug|Any CPU.Build.0 = Debug|Any CPU
		{D3974A81-4F14-4F97-B4A9-0133E1DF5F03}.Debug|Any CPU.Deploy.0 = Debug|Any CPU
		{D3974A81-4F14-4F97-B4A9-0133E1DF5F03}.Release|Any CPU.ActiveCfg = Release|Any CPU
		{D3974A81-4F14-4F97-B4A9-0133E1DF5F03}.Release|Any CPU.Build.0 = Release|Any CPU
		{D3974A81-4F14-4F97-B4A9-0133E1DF5F03}.Release|Any CPU.Deploy.0 = Release|Any CPU
	EndGlobalSection
	GlobalSection(SolutionProperties) = preSolution
		HideSolutionNode = FALSE
	EndGlobalSection
	GlobalSection(ExtensibilityGlobals) = postSolution
		SolutionGuid = {180B5CBA-D59A-480C-A9BB-FA74B0C94DE6}
	EndGlobalSection
EndGlobal
